
Microsoft Visual Studio Solution File, Format Version 12.00
# Visual Studio Version 17
VisualStudioVersion = 17.8.34511.84
MinimumVisualStudioVersion = 10.0.40219.1
Project("{9A19103F-16F7-4668-BE54-9A1E7A4F7556}") = "Autoscaler", "Autoscaler.csproj", "{6A967032-4CC3-441A-A99A-F08D0CE3564B}"
EndProject
Global
	GlobalSection(SolutionConfigurationPlatforms) = preSolution
		Debug|Any CPU = Debug|Any CPU
		Release|Any CPU = Release|Any CPU
	EndGlobalSection
	GlobalSection(ProjectConfigurationPlatforms) = postSolution
		{6A967032-4CC3-441A-A99A-F08D0CE3564B}.Debug|Any CPU.ActiveCfg = Debug|Any CPU
		{6A967032-4CC3-441A-A99A-F08D0CE3564B}.Debug|Any CPU.Build.0 = Debug|Any CPU
		{6A967032-4CC3-441A-A99A-F08D0CE3564B}.Release|Any CPU.ActiveCfg = Release|Any CPU
		{6A967032-4CC3-441A-A99A-F08D0CE3564B}.Release|Any CPU.Build.0 = Release|Any CPU
	EndGlobalSection
	GlobalSection(SolutionProperties) = preSolution
		HideSolutionNode = FALSE
	EndGlobalSection
	GlobalSection(ExtensibilityGlobals) = postSolution
		SolutionGuid = {99D76C0B-EE50-42D0-9D5D-E524FFB64E0E}
	EndGlobalSection
EndGlobal
